
Microsoft Visual Studio Solution File, Format Version 12.00
# Visual Studio 15
VisualStudioVersion = 15.0.26124.0
MinimumVisualStudioVersion = 15.0.26124.0
Project("{FAE04EC0-301F-11D3-BF4B-00C04F79EFBC}") = "DomHelpers", "src\DomHelpers.csproj", "{D76A8C2C-D3C9-4904-8984-C994EC848CF2}"
EndProject
Project("{2150E333-8FDC-42A3-9474-1A3956D46DE8}") = "test", "test", "{8B07F003-9027-4864-B4EB-9EA470E70EA5}"
EndProject
Project("{FAE04EC0-301F-11D3-BF4B-00C04F79EFBC}") = "DomHelpers.Tests", "test\DomHelpers.Tests\DomHelpers.Tests.csproj", "{7815E592-D4B3-4C05-B018-1886C631542E}"
EndProject
Global
	GlobalSection(SolutionConfigurationPlatforms) = preSolution
		Debug|Any CPU = Debug|Any CPU
		Debug|x64 = Debug|x64
		Debug|x86 = Debug|x86
		Release|Any CPU = Release|Any CPU
		Release|x64 = Release|x64
		Release|x86 = Release|x86
	EndGlobalSection
	GlobalSection(SolutionProperties) = preSolution
		HideSolutionNode = FALSE
	EndGlobalSection
	GlobalSection(ProjectConfigurationPlatforms) = postSolution
		{D76A8C2C-D3C9-4904-8984-C994EC848CF2}.Debug|Any CPU.ActiveCfg = Debug|Any CPU
		{D76A8C2C-D3C9-4904-8984-C994EC848CF2}.Debug|Any CPU.Build.0 = Debug|Any CPU
		{D76A8C2C-D3C9-4904-8984-C994EC848CF2}.Debug|x64.ActiveCfg = Debug|Any CPU
		{D76A8C2C-D3C9-4904-8984-C994EC848CF2}.Debug|x64.Build.0 = Debug|Any CPU
		{D76A8C2C-D3C9-4904-8984-C994EC848CF2}.Debug|x86.ActiveCfg = Debug|Any CPU
		{D76A8C2C-D3C9-4904-8984-C994EC848CF2}.Debug|x86.Build.0 = Debug|Any CPU
		{D76A8C2C-D3C9-4904-8984-C994EC848CF2}.Release|Any CPU.ActiveCfg = Release|Any CPU
		{D76A8C2C-D3C9-4904-8984-C994EC848CF2}.Release|Any CPU.Build.0 = Release|Any CPU
		{D76A8C2C-D3C9-4904-8984-C994EC848CF2}.Release|x64.ActiveCfg = Release|Any CPU
		{D76A8C2C-D3C9-4904-8984-C994EC848CF2}.Release|x64.Build.0 = Release|Any CPU
		{D76A8C2C-D3C9-4904-8984-C994EC848CF2}.Release|x86.ActiveCfg = Release|Any CPU
		{D76A8C2C-D3C9-4904-8984-C994EC848CF2}.Release|x86.Build.0 = Release|Any CPU
		{7815E592-D4B3-4C05-B018-1886C631542E}.Debug|Any CPU.ActiveCfg = Debug|Any CPU
		{7815E592-D4B3-4C05-B018-1886C631542E}.Debug|Any CPU.Build.0 = Debug|Any CPU
		{7815E592-D4B3-4C05-B018-1886C631542E}.Debug|x64.ActiveCfg = Debug|Any CPU
		{7815E592-D4B3-4C05-B018-1886C631542E}.Debug|x64.Build.0 = Debug|Any CPU
		{7815E592-D4B3-4C05-B018-1886C631542E}.Debug|x86.ActiveCfg = Debug|Any CPU
		{7815E592-D4B3-4C05-B018-1886C631542E}.Debug|x86.Build.0 = Debug|Any CPU
		{7815E592-D4B3-4C05-B018-1886C631542E}.Release|Any CPU.ActiveCfg = Release|Any CPU
		{7815E592-D4B3-4C05-B018-1886C631542E}.Release|Any CPU.Build.0 = Release|Any CPU
		{7815E592-D4B3-4C05-B018-1886C631542E}.Release|x64.ActiveCfg = Release|Any CPU
		{7815E592-D4B3-4C05-B018-1886C631542E}.Release|x64.Build.0 = Release|Any CPU
		{7815E592-D4B3-4C05-B018-1886C631542E}.Release|x86.ActiveCfg = Release|Any CPU
		{7815E592-D4B3-4C05-B018-1886C631542E}.Release|x86.Build.0 = Release|Any CPU
	EndGlobalSection
	GlobalSection(NestedProjects) = preSolution
		{7815E592-D4B3-4C05-B018-1886C631542E} = {8B07F003-9027-4864-B4EB-9EA470E70EA5}
	EndGlobalSection
EndGlobal
